version = 1
revision = 3
requires-python = ">=3.13"

[[package]]
name = "asgiref"
version = "3.12.0"
source = { registry = "https://pypi.org/simple" }
sdist = { url = "https://files.pythonhosted.org/packages/73/9b/e1cda73c1b8050ec258f94b426f769f7f1b0835bd9644cb6d561e2e320ca/asgiref-3.12.0.tar.gz", hash = "sha256:37ef86a30c3549f1a469c78c4521a63b8c31c17ee42cf792a2b054af81e23c79", size = 41812, upload-time = "2026-07-14T07:24:44.963Z" }
wheels = [
    { url = "https://files.pythonhosted.org/packages/62/a8/3c32efd053d022ef5a2b91dee5f547ae12fbb08728d6428c8b302ad274c4/asgiref-3.12.0-py3-none-any.whl", hash = "sha256:3d8d6471b12501782d78b513c1f207d613a4de34b8a67c0baa561f61deda1d22", size = 25398, upload-time = "2026-07-14T07:24:43.377Z" },
]

[[package]]
name = "city-events-api"
version = "0.1.0"
source = { virtual = "." }
dependencies = [
    { name = "django" },
    { name = "djangorestframework" },
    { name = "djangorestframework-simplejwt" },
    { name = "djangorestframework-stubs" },
]

[package.metadata]
requires-dist = [
    { name = "django", specifier = ">=6.0.6" },
    { name = "djangorestframework", specifier = ">=3.17.1" },
    { name = "djangorestframework-simplejwt", specifier = ">=5.5.1" },
    { name = "djangorestframework-stubs", specifier = ">=3.17.0" },
]

[[package]]
name = "django"
version = "6.0.7"
source = { registry = "https://pypi.org/simple" }
dependencies = [
    { name = "asgiref" },
    { name = "sqlparse" },
    { name = "tzdata", marker = "sys_platform == 'win32'" },
]
sdist = { url = "https://files.pythonhosted.org/packages/89/55/664f24ff81c9ea19cb7dfc851afeae1f3c2390c7aee01d4ded68b5c1580d/django-6.0.7.tar.gz", hash = "sha256:2998503fc083124fb58037084bfa00de323c7c743f05f1b4284e77bff0ab8890", size = 10921299, upload-time = "2026-07-07T13:51:26.485Z" }
wheels = [
    { url = "https://files.pythonhosted.org/packages/ba/ec/1ce5334b6a2c52ce619c23a0be8d366a57a0e080ebb2d88266e5c849157c/django-6.0.7-py3-none-any.whl", hash = "sha256:a037427c2288443a8c02a1b02295a31c239663aa682bc50b1976afb7cf6a769e", size = 8373344, upload-time = "2026-07-07T13:51:20.007Z" },
]

[[package]]
name = "django-stubs"
version = "6.0.6"
source = { registry = "https://pypi.org/simple" }
dependencies = [
    { name = "django" },
    { name = "django-stubs-ext" },
    { name = "types-pyyaml" },
    { name = "typing-extensions" },
]
sdist = { url = "https://files.pythonhosted.org/packages/91/de/1b8ccb0909970fb4a8b48426f67132164110304875abdb4e4912c55480f4/django_stubs-6.0.6.tar.gz", hash = "sha256:dfc01e052e33c7f8f0c30c3ff8eda0903ee29ac710d1e46d9effd773744a69b0", size = 281381, upload-time = "2026-06-23T08:22:54.098Z" }
wheels = [
    { url = "https://files.pythonhosted.org/packages/d0/b0/b73855fb9cf381fa1d754ea33c25f14f5b11c297f48dc3a4e0359dc3adc2/django_stubs-6.0.6-py3-none-any.whl", hash = "sha256:c488fea05a9eac40ddbdc69887f63a5c0922cb13df285291ee99c9bbc89bc4f1", size = 546491, upload-time = "2026-06-23T08:22:52.466Z" },
]

[[package]]
name = "django-stubs-ext"
version = "6.0.6"
source = { registry = "https://pypi.org/simple" }
dependencies = [
    { name = "django" },
    { name = "typing-extensions" },
]
sdist = { url = "https://files.pythonhosted.org/packages/51/8b/dc3c37cf994836ee09bc07f6a0c0ea840b975449940bd7ff77cc97a732f3/django_stubs_ext-6.0.6.tar.gz", hash = "sha256:e6f09884e48d7c5b250a373dfa22aa3e83bb91b8babbd8d05187f6b92247f232", size = 6674, upload-time = "2026-06-23T08:21:38.355Z" }
wheels = [
    { url = "https://files.pythonhosted.org/packages/f1/e4/7d60a1bdb092807318af34a809dc6674b95cc78ec4d3aaa6027174e7201c/django_stubs_ext-6.0.6-py3-none-any.whl", hash = "sha256:5470c970f61a3ccf5aae7633feef1a097f944f417b955da200c9ac26ecd9134b", size = 10361, upload-time = "2026-06-23T08:21:37.228Z" },
]

[[package]]
name = "djangorestframework"
version = "3.17.1"
source = { registry = "https://pypi.org/simple" }
dependencies = [
    { name = "django" },
]
sdist = { url = "https://files.pythonhosted.org/packages/ca/d7/c016e69fac19ff8afdc89db9d31d9ae43ae031e4d1993b20aca179b8301a/djangorestframework-3.17.1.tar.gz", hash = "sha256:a6def5f447fe78ff853bff1d47a3c59bf38f5434b031780b351b0c73a62db1a5", size = 905742, upload-time = "2026-03-24T16:58:33.705Z" }
wheels = [
    { url = "https://files.pythonhosted.org/packages/5a/e1/2c516bdc83652b1a60c6119366ac2c0607b479ed05cd6093f916ca8928f8/djangorestframework-3.17.1-py3-none-any.whl", hash = "sha256:c3c74dd3e83a5a3efc37b3c18d92bd6f86a6791c7b7d4dff62bb068500e76457", size = 898844, upload-time = "2026-03-24T16:58:31.845Z" },
]

[[package]]
name = "djangorestframework-simplejwt"
version = "5.5.1"
source = { registry = "https://pypi.org/simple" }
dependencies = [
    { name = "django" },
    { name = "djangorestframework" },
    { name = "pyjwt" },
]
sdist = { url = "https://files.pythonhosted.org/packages/a8/27/2874a325c11112066139769f7794afae238a07ce6adf96259f08fd37a9d7/djangorestframework_simplejwt-5.5.1.tar.gz", hash = "sha256:e72c5572f51d7803021288e2057afcbd03f17fe11d484096f40a460abc76e87f", size = 101265, upload-time = "2025-07-21T16:52:25.026Z" }
wheels = [
    { url = "https://files.pythonhosted.org/packages/60/94/fdfb7b2f0b16cd3ed4d4171c55c1c07a2d1e3b106c5978c8ad0c15b4a48b/djangorestframework_simplejwt-5.5.1-py3-none-any.whl", hash = "sha256:2c30f3707053d384e9f315d11c2daccfcb548d4faa453111ca19a542b732e469", size = 107674, upload-time = "2025-07-21T16:52:07.493Z" },
]

[[package]]
name = "djangorestframework-stubs"
version = "3.17.0"
source = { registry = "https://pypi.org/simple" }
dependencies = [
    { name = "django-stubs" },
    { name = "types-pyyaml" },
    { name = "typing-extensions" },
]
sdist = { url = "https://files.pythonhosted.org/packages/9d/a1/45e25dab89b3dfc5da7a138f7e82aca4e970269c53a3fceed1e94b31d390/djangorestframework_stubs-3.17.0.tar.gz", hash = "sha256:74c0307cad304c03c15aee5955ec2fdeab0ac854b5bea569dc124892792e2b96", size = 33115, upload-time = "2026-05-13T18:58:36.554Z" }
wheels = [
    { url = "https://files.pythonhosted.org/packages/72/ff/6e27d4aea12f67d14e0c0ec41869307ae98ad3816858ddc2a56bc3f4e0b5/djangorestframework_stubs-3.17.0-py3-none-any.whl", hash = "sha256:babe2703f0401507780848439f49f76222a178b4fc73a6dcb30d0952a0a6dbc6", size = 57629, upload-time = "2026-05-13T18:58:34.779Z" },
]

[[package]]
name = "pyjwt"
version = "2.13.0"
source = { registry = "https://pypi.org/simple" }
sdist = { url = "https://files.pythonhosted.org/packages/3b/81/58d0ac84e1ef3a3843791d6954d94c0b33d526c75eeb1efbce9d0a4c4077/pyjwt-2.13.0.tar.gz", hash = "sha256:41571c89ca91598c79e8ef18a2d07367d4810fbbd6f637794879baf1b7703423", size = 107515, upload-time = "2026-05-21T19:54:36.618Z" }
wheels = [
    { url = "https://files.pythonhosted.org/packages/a3/5e/ecf12fdb62546d64385c158514e9b2b671f7832108ef2ecd2020ce0af2d1/pyjwt-2.13.0-py3-none-any.whl", hash = "sha256:66adcc2aff09b3f1bbd95fc1e1577df8ac8723c978552fd43304c8a290ac5728", size = 31274, upload-time = "2026-05-21T19:54:35.362Z" },
]

[[package]]
name = "sqlparse"
version = "0.5.5"
source = { registry = "https://pypi.org/simple" }
sdist = { url = "https://files.pythonhosted.org/packages/90/76/437d71068094df0726366574cf3432a4ed754217b436eb7429415cf2d480/sqlparse-0.5.5.tar.gz", hash = "sha256:e20d4a9b0b8585fdf63b10d30066c7c94c5d7a7ec47c889a2d83a3caa93ff28e", size = 120815, upload-time = "2025-12-19T07:17:45.073Z" }
wheels = [
    { url = "https://files.pythonhosted.org/packages/49/4b/359f28a903c13438ef59ebeee215fb25da53066db67b305c125f1c6d2a25/sqlparse-0.5.5-py3-none-any.whl", hash = "sha256:12a08b3bf3eec877c519589833aed092e2444e68240a3577e8e26148acc7b1ba", size = 46138, upload-time = "2025-12-19T07:17:46.573Z" },
]

[[package]]
name = "types-pyyaml"
version = "6.0.12.20260518"
source = { registry = "https://pypi.org/simple" }
sdist = { url = "https://files.pythonhosted.org/packages/b8/83/4a1afc3fbfcf5b8d46fc390cd95ed6b0dc9010a265f4e9f46314efffa37a/types_pyyaml-6.0.12.20260518.tar.gz", hash = "sha256:d917f83fb38462550338c1297faedd860b3ec83912b96b1e3d73255f7473e466", size = 17850, upload-time = "2026-05-18T06:01:58.675Z" }
wheels = [
    { url = "https://files.pythonhosted.org/packages/06/a2/c01db32be2ae7d6a1689972f3c492b149ee4e164b12fdfd9f64b50888215/types_pyyaml-6.0.12.20260518-py3-none-any.whl", hash = "sha256:d2150f75a231c9fe9c7463bd29487d93e60bac90400287351384bc2284eba7cd", size = 20312, upload-time = "2026-05-18T06:01:57.368Z" },
]

[[package]]
name = "typing-extensions"
version = "4.16.0"
source = { registry = "https://pypi.org/simple" }
sdist = { url = "https://files.pythonhosted.org/packages/f6/cc/6253133b5bb138fc3306cebfbda2c520f545d36b5be2c7255cc528bb45d6/typing_extensions-4.16.0.tar.gz", hash = "sha256:dc983d19a509c94dba722ee6abd33940f7c05a89e243c47e907eb4db6f1a43e5", size = 113555, upload-time = "2026-07-02T08:40:05.92Z" }
wheels = [
    { url = "https://files.pythonhosted.org/packages/49/d3/b8441a820a491ddfc024b0b0cf0393375b75ea13866d9c66727e54c2fc80/typing_extensions-4.16.0-py3-none-any.whl", hash = "sha256:481caa481374e813c1b176ada14e97f1f67a4539ce9cfeb3f350d78d6370c2e8", size = 45571, upload-time = "2026-07-02T08:40:04.659Z" },
]

[[package]]
name = "tzdata"
version = "2026.3"
source = { registry = "https://pypi.org/simple" }
sdist = { url = "https://files.pythonhosted.org/packages/92/ff/5a28bdfd8c3ebec42564ac7d0e54ca3db65044a9314a97f9564fa7a1e926/tzdata-2026.3.tar.gz", hash = "sha256:4a1518b8993086a7982523e071643f3c0e5f213e75b21318e78bcabfff9d1415", size = 198674, upload-time = "2026-07-10T08:50:37.887Z" }
wheels = [
    { url = "https://files.pythonhosted.org/packages/e5/6d/b53b99a9f2766d095985947a5782f1702cabb129a34f7a802d7197af832f/tzdata-2026.3-py2.py3-none-any.whl", hash = "sha256:dc096730c87af6cab1b171c9d532be840741ff5d459015e7f6947bd7d7e54931", size = 348168, upload-time = "2026-07-10T08:50:36.46Z" },
]
